
Microsoft Visual Studio Solution File, Format Version 12.00
# Visual Studio Version 16
VisualStudioVersion = 16.0.31105.61
MinimumVisualStudioVersion = 10.0.40219.1
Project("{FAE04EC0-301F-11D3-BF4B-00C04F79EFBC}") = "Engine", "Engine\Engine.csproj", "{70E1B19F-B99A-4900-BD60-0AB40815A3D2}"
EndProject
Project("{9A19103F-16F7-4668-BE54-9A1E7A4F7556}") = "WPFUI", "WPFUI\WPFUI.csproj", "{20377ACA-EBC1-44D9-8676-C9CB22C611BA}"
EndProject
Project("{FAE04EC0-301F-11D3-BF4B-00C04F79EFBC}") = "TestEngine", "TestEngine\TestEngine.csproj", "{DA672E92-8A16-41CC-A662-1FA0B66556A8}"
EndProject
Global
	GlobalSection(SolutionConfigurationPlatforms) = preSolution
		Debug|Any CPU = Debug|Any CPU
		Release|Any CPU = Release|Any CPU
	EndGlobalSection
	GlobalSection(ProjectConfigurationPlatforms) = postSolution
		{70E1B19F-B99A-4900-BD60-0AB40815A3D2}.Debug|Any CPU.ActiveCfg = Debug|Any CPU
		{70E1B19F-B99A-4900-BD60-0AB40815A3D2}.Debug|Any CPU.Build.0 = Debug|Any CPU
		{70E1B19F-B99A-4900-BD60-0AB40815A3D2}.Release|Any CPU.ActiveCfg = Release|Any CPU
		{70E1B19F-B99A-4900-BD60-0AB40815A3D2}.Release|Any CPU.Build.0 = Release|Any CPU
		{20377ACA-EBC1-44D9-8676-C9CB22C611BA}.Debug|Any CPU.ActiveCfg = Debug|Any CPU
		{20377ACA-EBC1-44D9-8676-C9CB22C611BA}.Debug|Any CPU.Build.0 = Debug|Any CPU
		{20377ACA-EBC1-44D9-8676-C9CB22C611BA}.Release|Any CPU.ActiveCfg = Release|Any CPU
		{20377ACA-EBC1-44D9-8676-C9CB22C611BA}.Release|Any CPU.Build.0 = Release|Any CPU
		{DA672E92-8A16-41CC-A662-1FA0B66556A8}.Debug|Any CPU.ActiveCfg = Debug|Any CPU
		{DA672E92-8A16-41CC-A662-1FA0B66556A8}.Debug|Any CPU.Build.0 = Debug|Any CPU
		{DA672E92-8A16-41CC-A662-1FA0B66556A8}.Release|Any CPU.ActiveCfg = Release|Any CPU
		{DA672E92-8A16-41CC-A662-1FA0B66556A8}.Release|Any CPU.Build.0 = Release|Any CPU
	EndGlobalSection
	GlobalSection(SolutionProperties) = preSolution
		HideSolutionNode = FALSE
	EndGlobalSection
	GlobalSection(ExtensibilityGlobals) = postSolution
		SolutionGuid = {BB7C1799-EE60-445D-8444-D556145A488F}
	EndGlobalSection
EndGlobal
